
Microsoft Visual Studio Solution File, Format Version 12.00
# Visual Studio Version 16
VisualStudioVersion = 16.0.31019.35
MinimumVisualStudioVersion = 10.0.40219.1
Project("{FAE04EC0-301F-11D3-BF4B-00C04F79EFBC}") = "5951071021_TranMinhHao", "5951071021_TranMinhHao\5951071021_TranMinhHao.csproj", "{89316BA1-4B04-4ED6-B297-912E862E24F7}"
EndProject
Global
	GlobalSection(SolutionConfigurationPlatforms) = preSolution
		Debug|Any CPU = Debug|Any CPU
		Release|Any CPU = Release|Any CPU
	EndGlobalSection
	GlobalSection(ProjectConfigurationPlatforms) = postSolution
		{89316BA1-4B04-4ED6-B297-912E862E24F7}.Debug|Any CPU.ActiveCfg = Debug|Any CPU
		{89316BA1-4B04-4ED6-B297-912E862E24F7}.Debug|Any CPU.Build.0 = Debug|Any CPU
		{89316BA1-4B04-4ED6-B297-912E862E24F7}.Release|Any CPU.ActiveCfg = Release|Any CPU
		{89316BA1-4B04-4ED6-B297-912E862E24F7}.Release|Any CPU.Build.0 = Release|Any CPU
	EndGlobalSection
	GlobalSection(SolutionProperties) = preSolution
		HideSolutionNode = FALSE
	EndGlobalSection
	GlobalSection(ExtensibilityGlobals) = postSolution
		SolutionGuid = {8F354133-8625-4249-A586-C968CC713F61}
	EndGlobalSection
EndGlobal
